
Microsoft Visual Studio Solution File, Format Version 12.00
# Visual Studio Version 16
VisualStudioVersion = 16.0.34601.136
MinimumVisualStudioVersion = 10.0.40219.1
Project("{FAE04EC0-301F-11D3-BF4B-00C04F79EFBC}") = "Proyecto 2.1", "Proyecto 2.1\Proyecto 2.1.csproj", "{39A3A124-824B-41A9-8CF0-D4EB7CE71117}"
EndProject
Project("{2150E333-8FDC-42A3-9474-1A3956D46DE8}") = "Solution Items", "Solution Items", "{4B8EDB06-7F8E-428D-B7AC-A3000DB0D561}"
	ProjectSection(SolutionItems) = preProject
		Class1.cs = Class1.cs
	EndProjectSection
EndProject
Global
	GlobalSection(SolutionConfigurationPlatforms) = preSolution
		Debug|Any CPU = Debug|Any CPU
		Release|Any CPU = Release|Any CPU
	EndGlobalSection
	GlobalSection(ProjectConfigurationPlatforms) = postSolution
		{39A3A124-824B-41A9-8CF0-D4EB7CE71117}.Debug|Any CPU.ActiveCfg = Debug|Any CPU
		{39A3A124-824B-41A9-8CF0-D4EB7CE71117}.Debug|Any CPU.Build.0 = Debug|Any CPU
		{39A3A124-824B-41A9-8CF0-D4EB7CE71117}.Release|Any CPU.ActiveCfg = Release|Any CPU
		{39A3A124-824B-41A9-8CF0-D4EB7CE71117}.Release|Any CPU.Build.0 = Release|Any CPU
	EndGlobalSection
	GlobalSection(SolutionProperties) = preSolution
		HideSolutionNode = FALSE
	EndGlobalSection
	GlobalSection(ExtensibilityGlobals) = postSolution
		SolutionGuid = {8228B169-BE12-4D2E-9257-163A429AEA7F}
	EndGlobalSection
EndGlobal
